
Microsoft Visual Studio Solution File, Format Version 12.00
# Visual Studio Version 17
VisualStudioVersion = 17.13.35617.110
MinimumVisualStudioVersion = 10.0.40219.1
Project("{FAE04EC0-301F-11D3-BF4B-00C04F79EFBC}") = "BookNest", "BookNest\BookNest.csproj", "{2F92CF18-DF34-4884-B09B-11E7D0E4D8CC}"
EndProject
Project("{FAE04EC0-301F-11D3-BF4B-00C04F79EFBC}") = "Data", "Data\Data.csproj", "{7235B2A8-C6C6-43C0-9779-5EFE95E96DBB}"
EndProject
Project("{FAE04EC0-301F-11D3-BF4B-00C04F79EFBC}") = "Models", "Models\Models.csproj", "{5BB34269-8282-4D2F-8A67-D952C3E8F9A0}"
EndProject
Project("{FAE04EC0-301F-11D3-BF4B-00C04F79EFBC}") = "Utility", "Utility\Utility.csproj", "{7C89A2F8-9DDB-4132-86B9-28272C22EFE6}"
EndProject
Global
	GlobalSection(SolutionConfigurationPlatforms) = preSolution
		Debug|Any CPU = Debug|Any CPU
		Release|Any CPU = Release|Any CPU
	EndGlobalSection
	GlobalSection(ProjectConfigurationPlatforms) = postSolution
		{2F92CF18-DF34-4884-B09B-11E7D0E4D8CC}.Debug|Any CPU.ActiveCfg = Debug|Any CPU
		{2F92CF18-DF34-4884-B09B-11E7D0E4D8CC}.Debug|Any CPU.Build.0 = Debug|Any CPU
		{2F92CF18-DF34-4884-B09B-11E7D0E4D8CC}.Release|Any CPU.ActiveCfg = Release|Any CPU
		{2F92CF18-DF34-4884-B09B-11E7D0E4D8CC}.Release|Any CPU.Build.0 = Release|Any CPU
		{7235B2A8-C6C6-43C0-9779-5EFE95E96DBB}.Debug|Any CPU.ActiveCfg = Debug|Any CPU
		{7235B2A8-C6C6-43C0-9779-5EFE95E96DBB}.Debug|Any CPU.Build.0 = Debug|Any CPU
		{7235B2A8-C6C6-43C0-9779-5EFE95E96DBB}.Release|Any CPU.ActiveCfg = Release|Any CPU
		{7235B2A8-C6C6-43C0-9779-5EFE95E96DBB}.Release|Any CPU.Build.0 = Release|Any CPU
		{5BB34269-8282-4D2F-8A67-D952C3E8F9A0}.Debug|Any CPU.ActiveCfg = Debug|Any CPU
		{5BB34269-8282-4D2F-8A67-D952C3E8F9A0}.Debug|Any CPU.Build.0 = Debug|Any CPU
		{5BB34269-8282-4D2F-8A67-D952C3E8F9A0}.Release|Any CPU.ActiveCfg = Release|Any CPU
		{5BB34269-8282-4D2F-8A67-D952C3E8F9A0}.Release|Any CPU.Build.0 = Release|Any CPU
		{7C89A2F8-9DDB-4132-86B9-28272C22EFE6}.Debug|Any CPU.ActiveCfg = Debug|Any CPU
		{7C89A2F8-9DDB-4132-86B9-28272C22EFE6}.Debug|Any CPU.Build.0 = Debug|Any CPU
		{7C89A2F8-9DDB-4132-86B9-28272C22EFE6}.Release|Any CPU.ActiveCfg = Release|Any CPU
		{7C89A2F8-9DDB-4132-86B9-28272C22EFE6}.Release|Any CPU.Build.0 = Release|Any CPU
	EndGlobalSection
	GlobalSection(SolutionProperties) = preSolution
		HideSolutionNode = FALSE
	EndGlobalSection
	GlobalSection(ExtensibilityGlobals) = postSolution
		SolutionGuid = {FE3F397A-D044-4156-8D80-412F3E89CB81}
	EndGlobalSection
EndGlobal
